{
  "name": "spax",
  "version": "1.0.0",
  "lockfileVersion": 1,
  "requires": true,
  "dependencies": {
    "lodash": {
      "version": "4.17.4",
      "resolved": "http://registry.npm.taobao.org/lodash/download/lodash-4.17.4.tgz",
      "integrity": "sha1-eCA6TRwyiuHYbcpkYONptX9AVa4="
    },
    "vue": {
      "version": "2.5.13",
      "resolved": "http://registry.npm.taobao.org/vue/download/vue-2.5.13.tgz",
      "integrity": "sha1-lb0x4g7896fzkjnJqmeHzoz1eOE="
    },
    "vue-router": {
      "version": "3.0.1",
      "resolved": "http://registry.npm.taobao.org/vue-router/download/vue-router-3.0.1.tgz",
      "integrity": "sha1-2bBa2cdCC6D2JtZQDWk+YAkswek="
    },
    "vuex": {
      "version": "3.0.0",
      "resolved": "http://registry.npm.taobao.org/vuex/download/vuex-3.0.0.tgz",
      "integrity": "sha1-mLS1xJVLHBwfWyn6BHaiNYAxWBQ="
    },
    "vuex-router-sync": {
      "version": "5.0.0",
      "resolved": "http://registry.npm.taobao.org/vuex-router-sync/download/vuex-router-sync-5.0.0.tgz",
      "integrity": "sha1-GiJcF6Hdni90rwobLGIHLpSSswU="
    }
  }
}
